
Microsoft Visual Studio Solution File, Format Version 11.00
# Visual Studio 2010
Project("{8BC9CEB8-8B4A-11D0-8D11-00A0C91BC942}") = "fannfloat", "fannfloat\fannfloat.vcxproj", "{2F0EC4B6-B3F8-4A05-A884-B935E82E1390}"
EndProject
Project("{8BC9CEB8-8B4A-11D0-8D11-00A0C91BC942}") = "simple_train_float", "simple_train_float\simple_train_float.vcxproj", "{BC62B048-BD91-4130-8C61-DBE48515FF13}"
EndProject
Project("{8BC9CEB8-8B4A-11D0-8D11-00A0C91BC942}") = "fanndouble", "fanndouble\fanndouble.vcxproj", "{7FFD0423-9EE1-4CB9-AAF0-6FC5F82535FF}"
EndProject
Project("{8BC9CEB8-8B4A-11D0-8D11-00A0C91BC942}") = "fannfixed", "fannfixed\fannfixed.vcxproj", "{80EE4A35-E029-4E6E-914D-899D409F40DF}"
EndProject
Project("{8BC9CEB8-8B4A-11D0-8D11-00A0C91BC942}") = "simple_train_double", "simple_train_double\simple_train_double.vcxproj", "{A306D2FD-EE79-46BD-AE87-57FB11F82422}"
EndProject
Project("{8BC9CEB8-8B4A-11D0-8D11-00A0C91BC942}") = "xor_train", "xor_train\xor_train.vcxproj", "{FA767ACD-6618-4B57-98D9-B72D4A598A35}"
EndProject
Project("{8BC9CEB8-8B4A-11D0-8D11-00A0C91BC942}") = "xor_test_float", "xor_test_float\xor_test_float.vcxproj", "{BF417606-1735-4937-AD7D-C4564631151A}"
EndProject
Project("{8BC9CEB8-8B4A-11D0-8D11-00A0C91BC942}") = "xor_test_fixed", "xor_test_fixed\xor_test_fixed.vcxproj", "{3A55ED6A-A42D-47A4-9E4A-FB702E7B2F7B}"
EndProject
Project("{8BC9CEB8-8B4A-11D0-8D11-00A0C91BC942}") = "cascade_train", "cascade_train\cascade_train.vcxproj", "{CD6C5091-1707-45BA-B315-FAE26681273C}"
EndProject
Project("{8BC9CEB8-8B4A-11D0-8D11-00A0C91BC942}") = "momentums", "momentums\momentums.vcxproj", "{993ECF93-83E8-4CD2-8F94-C33B1FB77969}"
EndProject
Project("{8BC9CEB8-8B4A-11D0-8D11-00A0C91BC942}") = "mushroom", "mushroom\mushroom.vcxproj", "{F778B8E7-5F1A-4FF2-A89F-FDCCDA78D443}"
EndProject
Project("{8BC9CEB8-8B4A-11D0-8D11-00A0C91BC942}") = "robot", "robot\robot.vcxproj", "{EBF27BE8-5C32-4B56-BBF2-775C8FDD79CE}"
EndProject
Project("{8BC9CEB8-8B4A-11D0-8D11-00A0C91BC942}") = "scaling_train", "scaling_train\scaling_train.vcxproj", "{D4B30644-C503-4541-9082-17A10A09C2A3}"
EndProject
Project("{8BC9CEB8-8B4A-11D0-8D11-00A0C91BC942}") = "scaling_test", "scaling_test\scaling_test.vcxproj", "{D5BC4B59-3D19-4BDC-A036-48194D5AE648}"
EndProject
Project("{8BC9CEB8-8B4A-11D0-8D11-00A0C91BC942}") = "steepness_train", "steepness_train\steepness_train.vcxproj", "{102CE150-BE1A-4BFF-B505-FF4EDDC0AFC8}"
EndProject
Project("{8BC9CEB8-8B4A-11D0-8D11-00A0C91BC942}") = "xor_cpp_sample", "xor_cpp_sample\xor_cpp_sample.vcxproj", "{F556FB08-2D23-450B-AF1F-1E226DE08421}"
EndProject
Global
	GlobalSection(SolutionConfigurationPlatforms) = preSolution
		Debug|Win32 = Debug|Win32
		Release|Win32 = Release|Win32
	EndGlobalSection
	GlobalSection(ProjectConfigurationPlatforms) = postSolution
		{2F0EC4B6-B3F8-4A05-A884-B935E82E1390}.Debug|Win32.ActiveCfg = Debug|Win32
		{2F0EC4B6-B3F8-4A05-A884-B935E82E1390}.Debug|Win32.Build.0 = Debug|Win32
		{2F0EC4B6-B3F8-4A05-A884-B935E82E1390}.Release|Win32.ActiveCfg = Release|Win32
		{2F0EC4B6-B3F8-4A05-A884-B935E82E1390}.Release|Win32.Build.0 = Release|Win32
		{BC62B048-BD91-4130-8C61-DBE48515FF13}.Debug|Win32.ActiveCfg = Debug|Win32
		{BC62B048-BD91-4130-8C61-DBE48515FF13}.Debug|Win32.Build.0 = Debug|Win32
		{BC62B048-BD91-4130-8C61-DBE48515FF13}.Release|Win32.ActiveCfg = Release|Win32
		{BC62B048-BD91-4130-8C61-DBE48515FF13}.Release|Win32.Build.0 = Release|Win32
		{7FFD0423-9EE1-4CB9-AAF0-6FC5F82535FF}.Debug|Win32.ActiveCfg = Debug|Win32
		{7FFD0423-9EE1-4CB9-AAF0-6FC5F82535FF}.Debug|Win32.Build.0 = Debug|Win32
		{7FFD0423-9EE1-4CB9-AAF0-6FC5F82535FF}.Release|Win32.ActiveCfg = Release|Win32
		{7FFD0423-9EE1-4CB9-AAF0-6FC5F82535FF}.Release|Win32.Build.0 = Release|Win32
		{80EE4A35-E029-4E6E-914D-899D409F40DF}.Debug|Win32.ActiveCfg = Debug|Win32
		{80EE4A35-E029-4E6E-914D-899D409F40DF}.Debug|Win32.Build.0 = Debug|Win32
		{80EE4A35-E029-4E6E-914D-899D409F40DF}.Release|Win32.ActiveCfg = Release|Win32
		{80EE4A35-E029-4E6E-914D-899D409F40DF}.Release|Win32.Build.0 = Release|Win32
		{A306D2FD-EE79-46BD-AE87-57FB11F82422}.Debug|Win32.ActiveCfg = Debug|Win32
		{A306D2FD-EE79-46BD-AE87-57FB11F82422}.Debug|Win32.Build.0 = Debug|Win32
		{A306D2FD-EE79-46BD-AE87-57FB11F82422}.Release|Win32.ActiveCfg = Release|Win32
		{A306D2FD-EE79-46BD-AE87-57FB11F82422}.Release|Win32.Build.0 = Release|Win32
		{FA767ACD-6618-4B57-98D9-B72D4A598A35}.Debug|Win32.ActiveCfg = Debug|Win32
		{FA767ACD-6618-4B57-98D9-B72D4A598A35}.Debug|Win32.Build.0 = Debug|Win32
		{FA767ACD-6618-4B57-98D9-B72D4A598A35}.Release|Win32.ActiveCfg = Release|Win32
		{FA767ACD-6618-4B57-98D9-B72D4A598A35}.Release|Win32.Build.0 = Release|Win32
		{BF417606-1735-4937-AD7D-C4564631151A}.Debug|Win32.ActiveCfg = Debug|Win32
		{BF417606-1735-4937-AD7D-C4564631151A}.Debug|Win32.Build.0 = Debug|Win32
		{BF417606-1735-4937-AD7D-C4564631151A}.Release|Win32.ActiveCfg = Release|Win32
		{BF417606-1735-4937-AD7D-C4564631151A}.Release|Win32.Build.0 = Release|Win32
		{3A55ED6A-A42D-47A4-9E4A-FB702E7B2F7B}.Debug|Win32.ActiveCfg = Debug|Win32
		{3A55ED6A-A42D-47A4-9E4A-FB702E7B2F7B}.Debug|Win32.Build.0 = Debug|Win32
		{3A55ED6A-A42D-47A4-9E4A-FB702E7B2F7B}.Release|Win32.ActiveCfg = Release|Win32
		{3A55ED6A-A42D-47A4-9E4A-FB702E7B2F7B}.Release|Win32.Build.0 = Release|Win32
		{CD6C5091-1707-45BA-B315-FAE26681273C}.Debug|Win32.ActiveCfg = Debug|Win32
		{CD6C5091-1707-45BA-B315-FAE26681273C}.Debug|Win32.Build.0 = Debug|Win32
		{CD6C5091-1707-45BA-B315-FAE26681273C}.Release|Win32.ActiveCfg = Release|Win32
		{CD6C5091-1707-45BA-B315-FAE26681273C}.Release|Win32.Build.0 = Release|Win32
		{993ECF93-83E8-4CD2-8F94-C33B1FB77969}.Debug|Win32.ActiveCfg = Debug|Win32
		{993ECF93-83E8-4CD2-8F94-C33B1FB77969}.Debug|Win32.Build.0 = Debug|Win32
		{993ECF93-83E8-4CD2-8F94-C33B1FB77969}.Release|Win32.ActiveCfg = Release|Win32
		{993ECF93-83E8-4CD2-8F94-C33B1FB77969}.Release|Win32.Build.0 = Release|Win32
		{F778B8E7-5F1A-4FF2-A89F-FDCCDA78D443}.Debug|Win32.ActiveCfg = Debug|Win32
		{F778B8E7-5F1A-4FF2-A89F-FDCCDA78D443}.Debug|Win32.Build.0 = Debug|Win32
		{F778B8E7-5F1A-4FF2-A89F-FDCCDA78D443}.Release|Win32.ActiveCfg = Release|Win32
		{F778B8E7-5F1A-4FF2-A89F-FDCCDA78D443}.Release|Win32.Build.0 = Release|Win32
		{EBF27BE8-5C32-4B56-BBF2-775C8FDD79CE}.Debug|Win32.ActiveCfg = Debug|Win32
		{EBF27BE8-5C32-4B56-BBF2-775C8FDD79CE}.Debug|Win32.Build.0 = Debug|Win32
		{EBF27BE8-5C32-4B56-BBF2-775C8FDD79CE}.Release|Win32.ActiveCfg = Release|Win32
		{EBF27BE8-5C32-4B56-BBF2-775C8FDD79CE}.Release|Win32.Build.0 = Release|Win32
		{D4B30644-C503-4541-9082-17A10A09C2A3}.Debug|Win32.ActiveCfg = Debug|Win32
		{D4B30644-C503-4541-9082-17A10A09C2A3}.Debug|Win32.Build.0 = Debug|Win32
		{D4B30644-C503-4541-9082-17A10A09C2A3}.Release|Win32.ActiveCfg = Release|Win32
		{D4B30644-C503-4541-9082-17A10A09C2A3}.Release|Win32.Build.0 = Release|Win32
		{D5BC4B59-3D19-4BDC-A036-48194D5AE648}.Debug|Win32.ActiveCfg = Debug|Win32
		{D5BC4B59-3D19-4BDC-A036-48194D5AE648}.Debug|Win32.Build.0 = Debug|Win32
		{D5BC4B59-3D19-4BDC-A036-48194D5AE648}.Release|Win32.ActiveCfg = Release|Win32
		{D5BC4B59-3D19-4BDC-A036-48194D5AE648}.Release|Win32.Build.0 = Release|Win32
		{102CE150-BE1A-4BFF-B505-FF4EDDC0AFC8}.Debug|Win32.ActiveCfg = Debug|Win32
		{102CE150-BE1A-4BFF-B505-FF4EDDC0AFC8}.Debug|Win32.Build.0 = Debug|Win32
		{102CE150-BE1A-4BFF-B505-FF4EDDC0AFC8}.Release|Win32.ActiveCfg = Release|Win32
		{102CE150-BE1A-4BFF-B505-FF4EDDC0AFC8}.Release|Win32.Build.0 = Release|Win32
		{F556FB08-2D23-450B-AF1F-1E226DE08421}.Debug|Win32.ActiveCfg = Debug|Win32
		{F556FB08-2D23-450B-AF1F-1E226DE08421}.Debug|Win32.Build.0 = Debug|Win32
		{F556FB08-2D23-450B-AF1F-1E226DE08421}.Release|Win32.ActiveCfg = Release|Win32
		{F556FB08-2D23-450B-AF1F-1E226DE08421}.Release|Win32.Build.0 = Release|Win32
	EndGlobalSection
	GlobalSection(SolutionProperties) = preSolution
		HideSolutionNode = FALSE
	EndGlobalSection
EndGlobal
